
Microsoft Visual Studio Solution File, Format Version 12.00
# Visual Studio Version 17
VisualStudioVersion = 17.7.34202.233
MinimumVisualStudioVersion = 10.0.40219.1
Project("{FAE04EC0-301F-11D3-BF4B-00C04F79EFBC}") = "Producer", "Producer\Producer.csproj", "{0F15E244-EF68-4833-8E8D-F98ABEEEA87B}"
EndProject
Project("{FAE04EC0-301F-11D3-BF4B-00C04F79EFBC}") = "Consumer.Ecological", "Consumer.Ecological\Consumer.Ecological.csproj", "{5262B8E1-CFC1-47B9-B369-6AE0DE8C57D6}"
EndProject
Project("{FAE04EC0-301F-11D3-BF4B-00C04F79EFBC}") = "Consumer.Red", "Consumer.Red\Consumer.Red.csproj", "{E09B3776-F57B-482A-A178-67627F25E905}"
EndProject
Project("{FAE04EC0-301F-11D3-BF4B-00C04F79EFBC}") = "Consumer.Tesla", "Consumer.Tesla\Consumer.Tesla.csproj", "{831F4CF7-03FB-486D-B1F0-E501609D50F8}"
EndProject
Global
	GlobalSection(SolutionConfigurationPlatforms) = preSolution
		Debug|Any CPU = Debug|Any CPU
		Release|Any CPU = Release|Any CPU
	EndGlobalSection
	GlobalSection(ProjectConfigurationPlatforms) = postSolution
		{0F15E244-EF68-4833-8E8D-F98ABEEEA87B}.Debug|Any CPU.ActiveCfg = Debug|Any CPU
		{0F15E244-EF68-4833-8E8D-F98ABEEEA87B}.Debug|Any CPU.Build.0 = Debug|Any CPU
		{0F15E244-EF68-4833-8E8D-F98ABEEEA87B}.Release|Any CPU.ActiveCfg = Release|Any CPU
		{0F15E244-EF68-4833-8E8D-F98ABEEEA87B}.Release|Any CPU.Build.0 = Release|Any CPU
		{5262B8E1-CFC1-47B9-B369-6AE0DE8C57D6}.Debug|Any CPU.ActiveCfg = Debug|Any CPU
		{5262B8E1-CFC1-47B9-B369-6AE0DE8C57D6}.Debug|Any CPU.Build.0 = Debug|Any CPU
		{5262B8E1-CFC1-47B9-B369-6AE0DE8C57D6}.Release|Any CPU.ActiveCfg = Release|Any CPU
		{5262B8E1-CFC1-47B9-B369-6AE0DE8C57D6}.Release|Any CPU.Build.0 = Release|Any CPU
		{E09B3776-F57B-482A-A178-67627F25E905}.Debug|Any CPU.ActiveCfg = Debug|Any CPU
		{E09B3776-F57B-482A-A178-67627F25E905}.Debug|Any CPU.Build.0 = Debug|Any CPU
		{E09B3776-F57B-482A-A178-67627F25E905}.Release|Any CPU.ActiveCfg = Release|Any CPU
		{E09B3776-F57B-482A-A178-67627F25E905}.Release|Any CPU.Build.0 = Release|Any CPU
		{831F4CF7-03FB-486D-B1F0-E501609D50F8}.Debug|Any CPU.ActiveCfg = Debug|Any CPU
		{831F4CF7-03FB-486D-B1F0-E501609D50F8}.Debug|Any CPU.Build.0 = Debug|Any CPU
		{831F4CF7-03FB-486D-B1F0-E501609D50F8}.Release|Any CPU.ActiveCfg = Release|Any CPU
		{831F4CF7-03FB-486D-B1F0-E501609D50F8}.Release|Any CPU.Build.0 = Release|Any CPU
	EndGlobalSection
	GlobalSection(SolutionProperties) = preSolution
		HideSolutionNode = FALSE
	EndGlobalSection
	GlobalSection(ExtensibilityGlobals) = postSolution
		SolutionGuid = {3AD69C5D-2B2A-4EDE-A35C-74677485F8AB}
	EndGlobalSection
EndGlobal
